PODS:
  - e2e (0.0.1):
    - Flutter
  - Flutter (1.0.0)
  - local_auth_device_credentials (0.0.1):
    - Flutter

DEPENDENCIES:
  - e2e (from `.symlinks/plugins/e2e/ios`)
  - Flutter (from `Flutter`)
  - local_auth_device_credentials (from `.symlinks/plugins/local_auth_device_credentials/ios`)

EXTERNAL SOURCES:
  e2e:
    :path: ".symlinks/plugins/e2e/ios"
  Flutter:
    :path: Flutter
  local_auth_device_credentials:
    :path: ".symlinks/plugins/local_auth_device_credentials/ios"

SPEC CHECKSUMS:
  e2e: 967b9b1fc533b7636a3b7a719f840c27f301fe1f
  Flutter: 434fef37c0980e73bb6479ef766c45957d4b510c
  local_auth_device_credentials: 7ea08f7e3a5cd32bd628d1f8ee60e22f9d78f668

PODFILE CHECKSUM: aafe91acc616949ddb318b77800a7f51bffa2a4c

COCOAPODS: 1.10.1
